# THIS IS AN AUTOGENERATED FILE. DO NOT EDIT THIS FILE DIRECTLY.
# yarn lockfile v1


"@types/node@^10.5.3":
  version "10.5.3"
  resolved "http://npm.hikvision.com.cn/repository/npm-public/@types/node/-/node-10.5.3.tgz#5bcfaf088ad17894232012877669634c06b20cc5"

axios@^0.18.0:
  version "0.18.0"
  resolved "http://npm.hikvision.com.cn/repository/npm-public/axios/-/axios-0.18.0.tgz#32d53e4851efdc0a11993b6cd000789d70c05102"
  dependencies:
    follow-redirects "^1.3.0"
    is-buffer "^1.1.5"

blueimp-md5@^2.10.0:
  version "2.10.0"
  resolved "http://npm.hikvision.com.cn/repository/npm-public/blueimp-md5/-/blueimp-md5-2.10.0.tgz#02f0843921f90dca14f5b8920a38593201d6964d"

debug@^3.1.0:
  version "3.1.0"
  resolved "http://npm.hikvision.com.cn/repository/npm-public/debug/-/debug-3.1.0.tgz#5bb5a0672628b64149566ba16819e61518c67261"
  dependencies:
    ms "2.0.0"

follow-redirects@^1.3.0:
  version "1.5.1"
  resolved "http://npm.hikvision.com.cn/repository/npm-public/follow-redirects/-/follow-redirects-1.5.1.tgz#67a8f14f5a1f67f962c2c46469c79eaec0a90291"
  dependencies:
    debug "^3.1.0"

is-buffer@^1.1.5:
  version "1.1.6"
  resolved "http://npm.hikvision.com.cn/repository/npm-public/is-buffer/-/is-buffer-1.1.6.tgz#efaa2ea9daa0d7ab2ea13a97b2b8ad51fefbe8be"

ms@2.0.0:
  version "2.0.0"
  resolved "http://npm.hikvision.com.cn/repository/npm-public/ms/-/ms-2.0.0.tgz#5608aeadfc00be6c2901df5f9861788de0d597c8"

typescript@^2.9.2:
  version "2.9.2"
  resolved "http://npm.hikvision.com.cn/repository/npm-public/typescript/-/typescript-2.9.2.tgz#1cbf61d05d6b96269244eb6a3bce4bd914e0f00c"
